<?xml version="1.0" encoding="utf-8"?>
<Project ToolsVersion="4.0" xmlns="http://schemas.microsoft.com/developer/msbuild/2003">
  <ItemGroup>
    <Filter Include="Source Files">
      <UniqueIdentifier>{0bcacd2d-2325-422d-a037-8c990982805a}</UniqueIdentifier>
      <Extensions>cpp;c;cxx;rc;def;r;odl;idl;hpj;bat</Extensions>
    </Filter>
    <Filter Include="Header Files">
      <UniqueIdentifier>{cafe4aba-c3e5-4cee-943d-ead8f3c3f074}</UniqueIdentifier>
      <Extensions>h;hpp;hxx;hm;inl</Extensions>
    </Filter>
  </ItemGroup>
  <ItemGroup>
    <ClCompile Include="main\CalendarBuilder.cpp">
      <Filter>Source Files</Filter>
    </ClCompile>
    <ClCompile Include="main\Chat.cpp">
      <Filter>Source Files</Filter>
    </ClCompile>
    <ClCompile Include="main\ChatData.cpp">
      <Filter>Source Files</Filter>
    </ClCompile>
    <ClCompile Include="main\ChatMoveData.cpp">
      <Filter>Source Files</Filter>
    </ClCompile>
    <ClCompile Include="main\ChatRender.cpp">
      <Filter>Source Files</Filter>
    </ClCompile>
    <ClCompile Include="main\ChatTab_t.cpp">
      <Filter>Source Files</Filter>
    </ClCompile>
    <ClCompile Include="main\IMEKey.cpp">
      <Filter>Source Files</Filter>
    </ClCompile>
    <ClCompile Include="main\INFAlertMsgBox.cpp">
      <Filter>Source Files</Filter>
    </ClCompile>
    <ClCompile Include="main\INFAniCtrl.cpp">
      <Filter>Source Files</Filter>
    </ClCompile>
    <ClCompile Include="main\INFArenaCreate.cpp">
      <Filter>Source Files</Filter>
    </ClCompile>
    <ClCompile Include="main\INFArenaResult.cpp">
      <Filter>Source Files</Filter>
    </ClCompile>
    <ClCompile Include="main\INFArenaScore.cpp">
      <Filter>Source Files</Filter>
    </ClCompile>
    <ClCompile Include="main\INFArenaScrollBar.cpp">
      <Filter>Source Files</Filter>
    </ClCompile>
    <ClCompile Include="main\INFArenaTeamInfo.cpp">
      <Filter>Source Files</Filter>
    </ClCompile>
    <ClCompile Include="main\INFArenaTxt.cpp">
      <Filter>Source Files</Filter>
    </ClCompile>
    <ClCompile Include="main\INFArmorCollectWnd.cpp">
      <Filter>Source Files</Filter>
    </ClCompile>
    <ClCompile Include="main\INFAttackDirection.cpp">
      <Filter>Source Files</Filter>
    </ClCompile>
    <ClCompile Include="main\INFAutoEditBox.cpp">
      <Filter>Source Files</Filter>
    </ClCompile>
    <ClCompile Include="main\INFAUTOSPRITEBTN.cpp">
      <Filter>Source Files</Filter>
    </ClCompile>
    <ClCompile Include="main\INFBase.cpp">
      <Filter>Source Files</Filter>
    </ClCompile>
    <ClCompile Include="main\INFChangeCharactor.cpp">
      <Filter>Source Files</Filter>
    </ClCompile>
    <ClCompile Include="main\INFChannelList.cpp">
      <Filter>Source Files</Filter>
    </ClCompile>
    <ClCompile Include="main\INFCharacterInfo.cpp">
      <Filter>Source Files</Filter>
    </ClCompile>
    <ClCompile Include="main\INFCharacterInfoExtend.cpp">
      <Filter>Source Files</Filter>
    </ClCompile>
    <ClCompile Include="main\INFCityArena.cpp">
      <Filter>Source Files</Filter>
    </ClCompile>
    <ClCompile Include="main\INFCityAuction.cpp">
      <Filter>Source Files</Filter>
    </ClCompile>
    <ClCompile Include="main\INFCityBase.cpp">
      <Filter>Source Files</Filter>
    </ClCompile>
    <ClCompile Include="main\INFCityBazaar.cpp">
      <Filter>Source Files</Filter>
    </ClCompile>
    <ClCompile Include="main\INFCityBoard.cpp">
      <Filter>Source Files</Filter>
    </ClCompile>
    <ClCompile Include="main\INFCityCashShop.cpp">
      <Filter>Source Files</Filter>
    </ClCompile>
    <ClCompile Include="main\INFCityInfinityField.cpp">
      <Filter>Source Files</Filter>
    </ClCompile>
    <ClCompile Include="main\INFCityInfinityShop.cpp">
      <Filter>Source Files</Filter>
    </ClCompile>
    <ClCompile Include="main\INFCityInflBuff.cpp">
      <Filter>Source Files</Filter>
    </ClCompile>
    <ClCompile Include="main\INFCityLab.cpp">
      <Filter>Source Files</Filter>
    </ClCompile>
    <ClCompile Include="main\INFCityLeader.cpp">
      <Filter>Source Files</Filter>
    </ClCompile>
    <ClCompile Include="main\INFCityMission.cpp">
      <Filter>Source Files</Filter>
    </ClCompile>
    <ClCompile Include="main\INFCityOccupy.cpp">
      <Filter>Source Files</Filter>
    </ClCompile>
    <ClCompile Include="main\INFCityOutPost.cpp">
      <Filter>Source Files</Filter>
    </ClCompile>
    <ClCompile Include="main\INFCityShop.cpp">
      <Filter>Source Files</Filter>
    </ClCompile>
    <ClCompile Include="main\INFCitySkillShop.cpp">
      <Filter>Source Files</Filter>
    </ClCompile>
    <ClCompile Include="main\INFCityStore.cpp">
      <Filter>Source Files</Filter>
    </ClCompile>
    <ClCompile Include="main\INFCitySupply.cpp">
      <Filter>Source Files</Filter>
    </ClCompile>
    <ClCompile Include="main\INFCityWarp.cpp">
      <Filter>Source Files</Filter>
    </ClCompile>
    <ClCompile Include="main\INFCityWarPointShop.cpp">
      <Filter>Source Files</Filter>
    </ClCompile>
    <ClCompile Include="main\INFComboBox.cpp">
      <Filter>Source Files</Filter>
    </ClCompile>
    <ClCompile Include="main\INFComboBoxEX.cpp">
      <Filter>Source Files</Filter>
    </ClCompile>
    <ClCompile Include="main\INFCommunity.cpp">
      <Filter>Source Files</Filter>
    </ClCompile>
    <ClCompile Include="main\INFCommunityChatRoom.cpp">
      <Filter>Source Files</Filter>
    </ClCompile>
    <ClCompile Include="main\INFCommunityFriend.cpp">
      <Filter>Source Files</Filter>
    </ClCompile>
    <ClCompile Include="main\INFCommunityGuild.cpp">
      <Filter>Source Files</Filter>
    </ClCompile>
    <ClCompile Include="main\INFCommunityGuildIntroMe.cpp">
      <Filter>Source Files</Filter>
    </ClCompile>
    <ClCompile Include="main\INFCommunityGuildManager.cpp">
      <Filter>Source Files</Filter>
    </ClCompile>
    <ClCompile Include="main\INFCommunityGuildSearch.cpp">
      <Filter>Source Files</Filter>
    </ClCompile>
    <ClCompile Include="main\INFCommunityLetter.cpp">
      <Filter>Source Files</Filter>
    </ClCompile>
    <ClCompile Include="main\INFCommunityParty.cpp">
      <Filter>Source Files</Filter>
    </ClCompile>
    <ClCompile Include="main\INFCommunityReject.cpp">
      <Filter>Source Files</Filter>
    </ClCompile>
    <ClCompile Include="main\INFCommunityUserInfo.cpp">
      <Filter>Source Files</Filter>
    </ClCompile>
    <ClCompile Include="main\INFCommunityUserOpenSetup.cpp">
      <Filter>Source Files</Filter>
    </ClCompile>
    <ClCompile Include="main\INFCommunityVOIP.cpp">
      <Filter>Source Files</Filter>
    </ClCompile>
    <ClCompile Include="main\INFCommuPartyCre.cpp">
      <Filter>Source Files</Filter>
    </ClCompile>
    <ClCompile Include="main\INFCommuPartyInvite.cpp">
      <Filter>Source Files</Filter>
    </ClCompile>
    <ClCompile Include="main\INFControl.cpp">
      <Filter>Source Files</Filter>
    </ClCompile>
    <ClCompile Include="main\INFCouponWindow.cpp">
      <Filter>Source Files</Filter>
    </ClCompile>
    <ClCompile Include="main\INFCreateMenu.cpp">
      <Filter>Source Files</Filter>
    </ClCompile>
    <ClCompile Include="main\INFCurselEditBox.cpp">
      <Filter>Source Files</Filter>
    </ClCompile>
    <ClCompile Include="main\INFDamageView.cpp">
      <Filter>Source Files</Filter>
    </ClCompile>
    <ClCompile Include="main\INFDefaultWnd.cpp">
      <Filter>Source Files</Filter>
    </ClCompile>
    <ClCompile Include="main\INFDissolution.cpp">
      <Filter>Source Files</Filter>
    </ClCompile>
    <ClCompile Include="main\INFEditBox.cpp">
      <Filter>Source Files</Filter>
    </ClCompile>
    <ClCompile Include="main\INFEnemyItemInfo.cpp">
      <Filter>Source Files</Filter>
    </ClCompile>
    <ClCompile Include="main\INFFadeEffect.cpp">
      <Filter>Source Files</Filter>
    </ClCompile>
    <ClCompile Include="main\INFGameArena.cpp">
      <Filter>Source Files</Filter>
    </ClCompile>
    <ClCompile Include="main\INFGameCountDown.cpp">
      <Filter>Source Files</Filter>
    </ClCompile>
    <ClCompile Include="main\INFGameHelpDesk.cpp">
      <Filter>Source Files</Filter>
    </ClCompile>
    <ClCompile Include="main\INFGameMain.cpp">
      <Filter>Source Files</Filter>
    </ClCompile>
    <ClCompile Include="main\INFGameMainChat.cpp">
      <Filter>Source Files</Filter>
    </ClCompile>
    <ClCompile Include="main\INFGameMainFAQ.cpp">
      <Filter>Source Files</Filter>
    </ClCompile>
    <ClCompile Include="main\INFGameMainMiniMap.cpp">
      <Filter>Source Files</Filter>
    </ClCompile>
    <ClCompile Include="main\INFGameMainOtherInfo.cpp">
      <Filter>Source Files</Filter>
    </ClCompile>
    <ClCompile Include="main\INFGameMainOutPost.cpp">
      <Filter>Source Files</Filter>
    </ClCompile>
    <ClCompile Include="main\INFGameMainQSlot.cpp">
      <Filter>Source Files</Filter>
    </ClCompile>
    <ClCompile Include="main\INFGameMainSysMsg.cpp">
      <Filter>Source Files</Filter>
    </ClCompile>
    <ClCompile Include="main\INFGameMainUnitInfoBar.cpp">
      <Filter>Source Files</Filter>
    </ClCompile>
    <ClCompile Include="main\INFGameMainWisperChat.cpp">
      <Filter>Source Files</Filter>
    </ClCompile>
    <ClCompile Include="main\INFGroupImage.cpp">
      <Filter>Source Files</Filter>
    </ClCompile>
    <ClCompile Include="main\INFGroupManager.cpp">
      <Filter>Source Files</Filter>
    </ClCompile>
    <ClCompile Include="main\INFIcon.cpp">
      <Filter>Source Files</Filter>
    </ClCompile>
    <ClCompile Include="main\INFImage.cpp">
      <Filter>Source Files</Filter>
    </ClCompile>
    <ClCompile Include="main\INFImageBtn.cpp">
      <Filter>Source Files</Filter>
    </ClCompile>
    <ClCompile Include="main\INFImageBtnBoth.cpp">
      <Filter>Source Files</Filter>
    </ClCompile>
    <ClCompile Include="main\INFImageComboBox.cpp">
      <Filter>Source Files</Filter>
    </ClCompile>
    <ClCompile Include="main\INFImageComboBoxEx.cpp">
      <Filter>Source Files</Filter>
    </ClCompile>
    <ClCompile Include="main\INFImageEx.cpp">
      <Filter>Source Files</Filter>
    </ClCompile>
    <ClCompile Include="main\INFImageFile.cpp">
      <Filter>Source Files</Filter>
    </ClCompile>
    <ClCompile Include="main\INFImageList.cpp">
      <Filter>Source Files</Filter>
    </ClCompile>
    <ClCompile Include="main\INFImageListBox.cpp">
      <Filter>Source Files</Filter>
    </ClCompile>
    <ClCompile Include="main\INFImageListCtrl.cpp">
      <Filter>Source Files</Filter>
    </ClCompile>
    <ClCompile Include="main\INFImageRadioBtn.cpp">
      <Filter>Source Files</Filter>
    </ClCompile>
    <ClCompile Include="main\INFImportantInfo.cpp">
      <Filter>Source Files</Filter>
    </ClCompile>
    <ClCompile Include="main\INFInfinity.cpp">
      <Filter>Source Files</Filter>
    </ClCompile>
    <ClCompile Include="main\INFInven.cpp">
      <Filter>Source Files</Filter>
    </ClCompile>
    <ClCompile Include="main\INFInvenEquip.cpp">
      <Filter>Source Files</Filter>
    </ClCompile>
    <ClCompile Include="main\INFInvenExtend.cpp">
      <Filter>Source Files</Filter>
    </ClCompile>
    <ClCompile Include="main\INFInvenItem.cpp">
      <Filter>Source Files</Filter>
    </ClCompile>
    <ClCompile Include="main\INFItemInfo.cpp">
      <Filter>Source Files</Filter>
    </ClCompile>
    <ClCompile Include="main\INFItemMenuList.cpp">
      <Filter>Source Files</Filter>
    </ClCompile>
    <ClCompile Include="main\INFItemMixFactoryWnd.cpp">
      <Filter>Source Files</Filter>
    </ClCompile>
    <ClCompile Include="main\INFItemMixWnd.cpp">
      <Filter>Source Files</Filter>
    </ClCompile>
    <ClCompile Include="main\INFListBox.cpp">
      <Filter>Source Files</Filter>
    </ClCompile>
    <ClCompile Include="main\INFLuckyMachine.cpp">
      <Filter>Source Files</Filter>
    </ClCompile>
    <ClCompile Include="main\INFMapLoad.cpp">
      <Filter>Source Files</Filter>
    </ClCompile>
    <ClCompile Include="main\INFMapName.cpp">
      <Filter>Source Files</Filter>
    </ClCompile>
    <ClCompile Include="main\INFMenuList.cpp">
      <Filter>Source Files</Filter>
    </ClCompile>
    <ClCompile Include="main\INFMission.cpp">
      <Filter>Source Files</Filter>
    </ClCompile>
    <ClCompile Include="main\INFMissionAniCtrl.cpp">
      <Filter>Source Files</Filter>
    </ClCompile>
    <ClCompile Include="main\INFMissionInfo.cpp">
      <Filter>Source Files</Filter>
    </ClCompile>
    <ClCompile Include="main\INFMissionMain.cpp">
      <Filter>Source Files</Filter>
    </ClCompile>
    <ClCompile Include="main\INFMissionMapViewCtrl.cpp">
      <Filter>Source Files</Filter>
    </ClCompile>
    <ClCompile Include="main\INFMissionMasterReg.cpp">
      <Filter>Source Files</Filter>
    </ClCompile>
    <ClCompile Include="main\INFMissionPopupInfo.cpp">
      <Filter>Source Files</Filter>
    </ClCompile>
    <ClCompile Include="main\INFMissionSelInfluence.cpp">
      <Filter>Source Files</Filter>
    </ClCompile>
    <ClCompile Include="main\INFMissionTreeInfo.cpp">
      <Filter>Source Files</Filter>
    </ClCompile>
    <ClCompile Include="main\INFMotherShipManager.cpp">
      <Filter>Source Files</Filter>
    </ClCompile>
    <ClCompile Include="main\INFMp3Player.cpp">
      <Filter>Source Files</Filter>
    </ClCompile>
    <ClCompile Include="main\INFNumEditBox.cpp">
      <Filter>Source Files</Filter>
    </ClCompile>
    <ClCompile Include="main\INFOpBigHelper.cpp">
      <Filter>Source Files</Filter>
    </ClCompile>
    <ClCompile Include="main\INFOpInfo.cpp">
      <Filter>Source Files</Filter>
    </ClCompile>
    <ClCompile Include="main\INFOpJoystick.cpp">
      <Filter>Source Files</Filter>
    </ClCompile>
    <ClCompile Include="main\INFOpMain.cpp">
      <Filter>Source Files</Filter>
    </ClCompile>
    <ClCompile Include="main\INFOpSmallHelper.cpp">
      <Filter>Source Files</Filter>
    </ClCompile>
    <ClCompile Include="main\INFOptionMachine.cpp">
      <Filter>Source Files</Filter>
    </ClCompile>
    <ClCompile Include="main\INFOptionSystem.cpp">
      <Filter>Source Files</Filter>
    </ClCompile>
    <ClCompile Include="main\INFOpUserHelper.cpp">
      <Filter>Source Files</Filter>
    </ClCompile>
    <ClCompile Include="main\INFOpWnd.cpp">
      <Filter>Source Files</Filter>
    </ClCompile>
    <ClCompile Include="main\INFOtherCharInfo.cpp">
      <Filter>Source Files</Filter>
    </ClCompile>
    <ClCompile Include="main\INFPilotFace.cpp">
      <Filter>Source Files</Filter>
    </ClCompile>
    <ClCompile Include="main\INFPopupMenu.cpp">
      <Filter>Source Files</Filter>
    </ClCompile>
    <ClCompile Include="main\INFQuest.cpp">
      <Filter>Source Files</Filter>
    </ClCompile>
    <ClCompile Include="main\INFScrollBar.cpp">
      <Filter>Source Files</Filter>
    </ClCompile>
    <ClCompile Include="main\INFSecuChanPassWnd.cpp">
      <Filter>Source Files</Filter>
    </ClCompile>
    <ClCompile Include="main\INFSecuEditBox.cpp">
      <Filter>Source Files</Filter>
    </ClCompile>
    <ClCompile Include="main\INFSecuLockWnd.cpp">
      <Filter>Source Files</Filter>
    </ClCompile>
    <ClCompile Include="main\INFSecuMain.cpp">
      <Filter>Source Files</Filter>
    </ClCompile>
    <ClCompile Include="main\INFSecuPassWnd.cpp">
      <Filter>Source Files</Filter>
    </ClCompile>
    <ClCompile Include="main\INFSecuSelectMenu.cpp">
      <Filter>Source Files</Filter>
    </ClCompile>
    <ClCompile Include="main\INFSecuSetPassWnd.cpp">
      <Filter>Source Files</Filter>
    </ClCompile>
    <ClCompile Include="main\INFSelect.cpp">
      <Filter>Source Files</Filter>
    </ClCompile>
    <ClCompile Include="main\INFSelectBack.cpp">
      <Filter>Source Files</Filter>
    </ClCompile>
    <ClCompile Include="main\INFSelectMenu.cpp">
      <Filter>Source Files</Filter>
    </ClCompile>
    <ClCompile Include="main\INFSelectOption.cpp">
      <Filter>Source Files</Filter>
    </ClCompile>
    <ClCompile Include="main\INFSingleCurselEditBox.cpp">
      <Filter>Source Files</Filter>
    </ClCompile>
    <ClCompile Include="main\INFSkill.cpp">
      <Filter>Source Files</Filter>
    </ClCompile>
    <ClCompile Include="main\INFSpeakeMsg.cpp">
      <Filter>Source Files</Filter>
    </ClCompile>
    <ClCompile Include="main\INFStageEffect.cpp">
      <Filter>Source Files</Filter>
    </ClCompile>
    <ClCompile Include="main\INFStageEffectData.cpp">
      <Filter>Source Files</Filter>
    </ClCompile>
    <ClCompile Include="main\INFSystem.cpp">
      <Filter>Source Files</Filter>
    </ClCompile>
    <ClCompile Include="main\INFTarget.cpp">
      <Filter>Source Files</Filter>
    </ClCompile>
    <ClCompile Include="main\INFToolTip.cpp">
      <Filter>Source Files</Filter>
    </ClCompile>
    <ClCompile Include="main\INFTrade.cpp">
      <Filter>Source Files</Filter>
    </ClCompile>
    <ClCompile Include="main\INFUnitCreateInfo.cpp">
      <Filter>Source Files</Filter>
    </ClCompile>
    <ClCompile Include="main\INFUnitNameInfo.cpp">
      <Filter>Source Files</Filter>
    </ClCompile>
    <ClCompile Include="main\INFUnitState.cpp">
      <Filter>Source Files</Filter>
    </ClCompile>
    <ClCompile Include="main\INFWarDeclare.cpp">
      <Filter>Source Files</Filter>
    </ClCompile>
    <ClCompile Include="main\INFWeaponInfo.cpp">
      <Filter>Source Files</Filter>
    </ClCompile>
    <ClCompile Include="main\INFWindow.cpp">
      <Filter>Source Files</Filter>
    </ClCompile>
    <ClCompile Include="main\INFWorldRankWnd.cpp">
      <Filter>Source Files</Filter>
    </ClCompile>
    <ClCompile Include="main\Interface.cpp">
      <Filter>Source Files</Filter>
    </ClCompile>
    <ClCompile Include="main\SetupConfig.cpp">
      <Filter>Source Files</Filter>
    </ClCompile>
    <ClCompile Include="main\INFStrategicPointManager.cpp">
      <Filter>Source Files</Filter>
    </ClCompile>
    <ClCompile Include="main\INFStrategicPointInfo.cpp">
      <Filter>Source Files</Filter>
    </ClCompile>
    <ClCompile Include="..\..\Common\md5_lib_src.cpp">
      <Filter>Source Files</Filter>
    </ClCompile>
    <ClCompile Include="main\INFWorldMap.cpp">
      <Filter>Source Files</Filter>
    </ClCompile>
  </ItemGroup>
  <ItemGroup>
    <ClInclude Include="main\CalendarBuilder.h">
      <Filter>Header Files</Filter>
    </ClInclude>
    <ClInclude Include="main\Chat.h">
      <Filter>Header Files</Filter>
    </ClInclude>
    <ClInclude Include="main\ChatData.h">
      <Filter>Header Files</Filter>
    </ClInclude>
    <ClInclude Include="main\ChatMoveData.h">
      <Filter>Header Files</Filter>
    </ClInclude>
    <ClInclude Include="main\ChatRender.h">
      <Filter>Header Files</Filter>
    </ClInclude>
    <ClInclude Include="main\ChatTab_t.h">
      <Filter>Header Files</Filter>
    </ClInclude>
    <ClInclude Include="main\IMEKey.h">
      <Filter>Header Files</Filter>
    </ClInclude>
    <ClInclude Include="main\INFAlertMsgBox.h">
      <Filter>Header Files</Filter>
    </ClInclude>
    <ClInclude Include="main\INFAniCtrl.h">
      <Filter>Header Files</Filter>
    </ClInclude>
    <ClInclude Include="main\INFArenaCreate.h">
      <Filter>Header Files</Filter>
    </ClInclude>
    <ClInclude Include="main\INFArenaResult.h">
      <Filter>Header Files</Filter>
    </ClInclude>
    <ClInclude Include="main\INFArenaScore.h">
      <Filter>Header Files</Filter>
    </ClInclude>
    <ClInclude Include="main\INFArenaScrollBar.h">
      <Filter>Header Files</Filter>
    </ClInclude>
    <ClInclude Include="main\INFArenaTeamInfo.h">
      <Filter>Header Files</Filter>
    </ClInclude>
    <ClInclude Include="main\INFArenaTxt.h">
      <Filter>Header Files</Filter>
    </ClInclude>
    <ClInclude Include="main\INFArmorCollectWnd.h">
      <Filter>Header Files</Filter>
    </ClInclude>
    <ClInclude Include="main\INFAttackDirection.h">
      <Filter>Header Files</Filter>
    </ClInclude>
    <ClInclude Include="main\INFAutoEditBox.h">
      <Filter>Header Files</Filter>
    </ClInclude>
    <ClInclude Include="main\INFAUTOSPRITEBTN.h">
      <Filter>Header Files</Filter>
    </ClInclude>
    <ClInclude Include="main\INFBase.h">
      <Filter>Header Files</Filter>
    </ClInclude>
    <ClInclude Include="main\INFChangeCharactor.h">
      <Filter>Header Files</Filter>
    </ClInclude>
    <ClInclude Include="main\INFChannelList.h">
      <Filter>Header Files</Filter>
    </ClInclude>
    <ClInclude Include="main\INFCharacterInfo.h">
      <Filter>Header Files</Filter>
    </ClInclude>
    <ClInclude Include="main\INFCharacterInfoExtend.h">
      <Filter>Header Files</Filter>
    </ClInclude>
    <ClInclude Include="main\INFCityArena.h">
      <Filter>Header Files</Filter>
    </ClInclude>
    <ClInclude Include="main\INFCityAuction.h">
      <Filter>Header Files</Filter>
    </ClInclude>
    <ClInclude Include="main\INFCityBase.h">
      <Filter>Header Files</Filter>
    </ClInclude>
    <ClInclude Include="main\INFCityBazaar.h">
      <Filter>Header Files</Filter>
    </ClInclude>
    <ClInclude Include="main\INFCityBoard.h">
      <Filter>Header Files</Filter>
    </ClInclude>
    <ClInclude Include="main\INFCityCashShop.h">
      <Filter>Header Files</Filter>
    </ClInclude>
    <ClInclude Include="main\INFCityInfinityField.h">
      <Filter>Header Files</Filter>
    </ClInclude>
    <ClInclude Include="main\INFCityInfinityShop.h">
      <Filter>Header Files</Filter>
    </ClInclude>
    <ClInclude Include="main\INFCityInflBuff.h">
      <Filter>Header Files</Filter>
    </ClInclude>
    <ClInclude Include="main\INFCityLab.h">
      <Filter>Header Files</Filter>
    </ClInclude>
    <ClInclude Include="main\INFCityLeader.h">
      <Filter>Header Files</Filter>
    </ClInclude>
    <ClInclude Include="main\INFCityMission.h">
      <Filter>Header Files</Filter>
    </ClInclude>
    <ClInclude Include="main\INFCityOccupy.h">
      <Filter>Header Files</Filter>
    </ClInclude>
    <ClInclude Include="main\INFCityOutPost.h">
      <Filter>Header Files</Filter>
    </ClInclude>
    <ClInclude Include="main\INFCityShop.h">
      <Filter>Header Files</Filter>
    </ClInclude>
    <ClInclude Include="main\INFCitySkillShop.h">
      <Filter>Header Files</Filter>
    </ClInclude>
    <ClInclude Include="main\INFCityStore.h">
      <Filter>Header Files</Filter>
    </ClInclude>
    <ClInclude Include="main\INFCitySupply.h">
      <Filter>Header Files</Filter>
    </ClInclude>
    <ClInclude Include="main\INFCityWarp.h">
      <Filter>Header Files</Filter>
    </ClInclude>
    <ClInclude Include="main\INFCityWarPointShop.h">
      <Filter>Header Files</Filter>
    </ClInclude>
    <ClInclude Include="main\INFComboBox.h">
      <Filter>Header Files</Filter>
    </ClInclude>
    <ClInclude Include="main\INFComboBoxEX.h">
      <Filter>Header Files</Filter>
    </ClInclude>
    <ClInclude Include="main\INFCommunity.h">
      <Filter>Header Files</Filter>
    </ClInclude>
    <ClInclude Include="main\INFCommunityChatRoom.h">
      <Filter>Header Files</Filter>
    </ClInclude>
    <ClInclude Include="main\INFCommunityFriend.h">
      <Filter>Header Files</Filter>
    </ClInclude>
    <ClInclude Include="main\INFCommunityGuild.h">
      <Filter>Header Files</Filter>
    </ClInclude>
    <ClInclude Include="main\INFCommunityGuildIntroMe.h">
      <Filter>Header Files</Filter>
    </ClInclude>
    <ClInclude Include="main\INFCommunityGuildManager.h">
      <Filter>Header Files</Filter>
    </ClInclude>
    <ClInclude Include="main\INFCommunityGuildSearch.h">
      <Filter>Header Files</Filter>
    </ClInclude>
    <ClInclude Include="main\INFCommunityLetter.h">
      <Filter>Header Files</Filter>
    </ClInclude>
    <ClInclude Include="main\INFCommunityParty.h">
      <Filter>Header Files</Filter>
    </ClInclude>
    <ClInclude Include="main\INFCommunityReject.h">
      <Filter>Header Files</Filter>
    </ClInclude>
    <ClInclude Include="main\INFCommunityUserInfo.h">
      <Filter>Header Files</Filter>
    </ClInclude>
    <ClInclude Include="main\INFCommunityUserOpenSetup.h">
      <Filter>Header Files</Filter>
    </ClInclude>
    <ClInclude Include="main\INFCommunityVOIP.h">
      <Filter>Header Files</Filter>
    </ClInclude>
    <ClInclude Include="main\INFCommuPartyCre.h">
      <Filter>Header Files</Filter>
    </ClInclude>
    <ClInclude Include="main\INFCommuPartyInvite.h">
      <Filter>Header Files</Filter>
    </ClInclude>
    <ClInclude Include="main\INFControl.h">
      <Filter>Header Files</Filter>
    </ClInclude>
    <ClInclude Include="main\INFCouponWindow.h">
      <Filter>Header Files</Filter>
    </ClInclude>
    <ClInclude Include="main\INFCreateMenu.h">
      <Filter>Header Files</Filter>
    </ClInclude>
    <ClInclude Include="main\INFCurselEditBox.h">
      <Filter>Header Files</Filter>
    </ClInclude>
    <ClInclude Include="main\INFDamageView.h">
      <Filter>Header Files</Filter>
    </ClInclude>
    <ClInclude Include="main\INFDefaultWnd.h">
      <Filter>Header Files</Filter>
    </ClInclude>
    <ClInclude Include="main\INFDissolution.h">
      <Filter>Header Files</Filter>
    </ClInclude>
    <ClInclude Include="main\INFEditBox.h">
      <Filter>Header Files</Filter>
    </ClInclude>
    <ClInclude Include="main\INFEnemyItemInfo.h">
      <Filter>Header Files</Filter>
    </ClInclude>
    <ClInclude Include="main\INFFadeEffect.h">
      <Filter>Header Files</Filter>
    </ClInclude>
    <ClInclude Include="main\INFGameArena.h">
      <Filter>Header Files</Filter>
    </ClInclude>
    <ClInclude Include="main\INFGameCountDown.h">
      <Filter>Header Files</Filter>
    </ClInclude>
    <ClInclude Include="main\INFGameHelpDesk.h">
      <Filter>Header Files</Filter>
    </ClInclude>
    <ClInclude Include="main\INFGameMain.h">
      <Filter>Header Files</Filter>
    </ClInclude>
    <ClInclude Include="main\INFGameMainChat.h">
      <Filter>Header Files</Filter>
    </ClInclude>
    <ClInclude Include="main\INFGameMainFAQ.h">
      <Filter>Header Files</Filter>
    </ClInclude>
    <ClInclude Include="main\INFGameMainMiniMap.h">
      <Filter>Header Files</Filter>
    </ClInclude>
    <ClInclude Include="main\INFGameMainOtherInfo.h">
      <Filter>Header Files</Filter>
    </ClInclude>
    <ClInclude Include="main\INFGameMainOutPost.h">
      <Filter>Header Files</Filter>
    </ClInclude>
    <ClInclude Include="main\INFGameMainQSlot.h">
      <Filter>Header Files</Filter>
    </ClInclude>
    <ClInclude Include="main\INFGameMainSysMsg.h">
      <Filter>Header Files</Filter>
    </ClInclude>
    <ClInclude Include="main\INFGameMainUnitInfoBar.h">
      <Filter>Header Files</Filter>
    </ClInclude>
    <ClInclude Include="main\INFGameMainWisperChat.h">
      <Filter>Header Files</Filter>
    </ClInclude>
    <ClInclude Include="main\INFGroupImage.h">
      <Filter>Header Files</Filter>
    </ClInclude>
    <ClInclude Include="main\INFGroupManager.h">
      <Filter>Header Files</Filter>
    </ClInclude>
    <ClInclude Include="main\INFIcon.h">
      <Filter>Header Files</Filter>
    </ClInclude>
    <ClInclude Include="main\INFImage.h">
      <Filter>Header Files</Filter>
    </ClInclude>
    <ClInclude Include="main\INFImageBtn.h">
      <Filter>Header Files</Filter>
    </ClInclude>
    <ClInclude Include="main\INFImageBtnBoth.h">
      <Filter>Header Files</Filter>
    </ClInclude>
    <ClInclude Include="main\INFImageComboBox.h">
      <Filter>Header Files</Filter>
    </ClInclude>
    <ClInclude Include="main\INFImageComboBoxEx.h">
      <Filter>Header Files</Filter>
    </ClInclude>
    <ClInclude Include="main\INFImageEx.h">
      <Filter>Header Files</Filter>
    </ClInclude>
    <ClInclude Include="main\INFImageFile.h">
      <Filter>Header Files</Filter>
    </ClInclude>
    <ClInclude Include="main\INFImageList.h">
      <Filter>Header Files</Filter>
    </ClInclude>
    <ClInclude Include="main\INFImageListBox.h">
      <Filter>Header Files</Filter>
    </ClInclude>
    <ClInclude Include="main\INFImageListCtrl.h">
      <Filter>Header Files</Filter>
    </ClInclude>
    <ClInclude Include="main\INFImageRadioBtn.h">
      <Filter>Header Files</Filter>
    </ClInclude>
    <ClInclude Include="main\INFImportantInfo.h">
      <Filter>Header Files</Filter>
    </ClInclude>
    <ClInclude Include="main\INFInfinity.h">
      <Filter>Header Files</Filter>
    </ClInclude>
    <ClInclude Include="main\INFInven.h">
      <Filter>Header Files</Filter>
    </ClInclude>
    <ClInclude Include="main\INFInvenEquip.h">
      <Filter>Header Files</Filter>
    </ClInclude>
    <ClInclude Include="main\INFInvenExtend.h">
      <Filter>Header Files</Filter>
    </ClInclude>
    <ClInclude Include="main\INFInvenItem.h">
      <Filter>Header Files</Filter>
    </ClInclude>
    <ClInclude Include="main\INFItemInfo.h">
      <Filter>Header Files</Filter>
    </ClInclude>
    <ClInclude Include="main\INFItemMenuList.h">
      <Filter>Header Files</Filter>
    </ClInclude>
    <ClInclude Include="main\INFItemMixFactoryWnd.h">
      <Filter>Header Files</Filter>
    </ClInclude>
    <ClInclude Include="main\INFItemMixWnd.h">
      <Filter>Header Files</Filter>
    </ClInclude>
    <ClInclude Include="main\INFListBox.h">
      <Filter>Header Files</Filter>
    </ClInclude>
    <ClInclude Include="main\INFLuckyMachine.h">
      <Filter>Header Files</Filter>
    </ClInclude>
    <ClInclude Include="main\INFMapLoad.h">
      <Filter>Header Files</Filter>
    </ClInclude>
    <ClInclude Include="main\INFMapName.h">
      <Filter>Header Files</Filter>
    </ClInclude>
    <ClInclude Include="main\INFMenuList.h">
      <Filter>Header Files</Filter>
    </ClInclude>
    <ClInclude Include="main\INFMission.h">
      <Filter>Header Files</Filter>
    </ClInclude>
    <ClInclude Include="main\INFMissionAniCtrl.h">
      <Filter>Header Files</Filter>
    </ClInclude>
    <ClInclude Include="main\INFMissionInfo.h">
      <Filter>Header Files</Filter>
    </ClInclude>
    <ClInclude Include="main\INFMissionMain.h">
      <Filter>Header Files</Filter>
    </ClInclude>
    <ClInclude Include="main\INFMissionMapViewCtrl.h">
      <Filter>Header Files</Filter>
    </ClInclude>
    <ClInclude Include="main\INFMissionMasterReg.h">
      <Filter>Header Files</Filter>
    </ClInclude>
    <ClInclude Include="main\INFMissionPopupInfo.h">
      <Filter>Header Files</Filter>
    </ClInclude>
    <ClInclude Include="main\INFMissionSelInfluence.h">
      <Filter>Header Files</Filter>
    </ClInclude>
    <ClInclude Include="main\INFMissionTreeInfo.h">
      <Filter>Header Files</Filter>
    </ClInclude>
    <ClInclude Include="main\INFMotherShipManager.h">
      <Filter>Header Files</Filter>
    </ClInclude>
    <ClInclude Include="main\INFMp3Player.h">
      <Filter>Header Files</Filter>
    </ClInclude>
    <ClInclude Include="main\INFNumEditBox.h">
      <Filter>Header Files</Filter>
    </ClInclude>
    <ClInclude Include="main\INFOpBigHelper.h">
      <Filter>Header Files</Filter>
    </ClInclude>
    <ClInclude Include="main\INFOpInfo.h">
      <Filter>Header Files</Filter>
    </ClInclude>
    <ClInclude Include="main\INFOpJoystick.h">
      <Filter>Header Files</Filter>
    </ClInclude>
    <ClInclude Include="main\INFOpMain.h">
      <Filter>Header Files</Filter>
    </ClInclude>
    <ClInclude Include="main\INFOpSmallHelper.h">
      <Filter>Header Files</Filter>
    </ClInclude>
    <ClInclude Include="main\INFOptionMachine.h">
      <Filter>Header Files</Filter>
    </ClInclude>
    <ClInclude Include="main\INFOptionSystem.h">
      <Filter>Header Files</Filter>
    </ClInclude>
    <ClInclude Include="main\INFOpUserHelper.h">
      <Filter>Header Files</Filter>
    </ClInclude>
    <ClInclude Include="main\INFOpWnd.h">
      <Filter>Header Files</Filter>
    </ClInclude>
    <ClInclude Include="main\INFOtherCharInfo.h">
      <Filter>Header Files</Filter>
    </ClInclude>
    <ClInclude Include="main\INFPilotFace.h">
      <Filter>Header Files</Filter>
    </ClInclude>
    <ClInclude Include="main\INFPopupMenu.h">
      <Filter>Header Files</Filter>
    </ClInclude>
    <ClInclude Include="main\INFQuest.h">
      <Filter>Header Files</Filter>
    </ClInclude>
    <ClInclude Include="main\INFScrollBar.h">
      <Filter>Header Files</Filter>
    </ClInclude>
    <ClInclude Include="main\INFSecuChanPassWnd.h">
      <Filter>Header Files</Filter>
    </ClInclude>
    <ClInclude Include="main\INFSecuEditBox.h">
      <Filter>Header Files</Filter>
    </ClInclude>
    <ClInclude Include="main\INFSecuLockWnd.h">
      <Filter>Header Files</Filter>
    </ClInclude>
    <ClInclude Include="main\INFSecuMain.h">
      <Filter>Header Files</Filter>
    </ClInclude>
    <ClInclude Include="main\INFSecuPassWnd.h">
      <Filter>Header Files</Filter>
    </ClInclude>
    <ClInclude Include="main\INFSecuSelectMenu.h">
      <Filter>Header Files</Filter>
    </ClInclude>
    <ClInclude Include="main\INFSecuSetPassWnd.h">
      <Filter>Header Files</Filter>
    </ClInclude>
    <ClInclude Include="main\INFSelect.h">
      <Filter>Header Files</Filter>
    </ClInclude>
    <ClInclude Include="main\INFSelectBack.h">
      <Filter>Header Files</Filter>
    </ClInclude>
    <ClInclude Include="main\INFSelectMenu.h">
      <Filter>Header Files</Filter>
    </ClInclude>
    <ClInclude Include="main\INFSelectOption.h">
      <Filter>Header Files</Filter>
    </ClInclude>
    <ClInclude Include="main\INFSingleCurselEditBox.h">
      <Filter>Header Files</Filter>
    </ClInclude>
    <ClInclude Include="main\INFSkill.h">
      <Filter>Header Files</Filter>
    </ClInclude>
    <ClInclude Include="main\INFSpeakeMsg.h">
      <Filter>Header Files</Filter>
    </ClInclude>
    <ClInclude Include="main\INFStageEffect.h">
      <Filter>Header Files</Filter>
    </ClInclude>
    <ClInclude Include="main\INFStageEffectData.h">
      <Filter>Header Files</Filter>
    </ClInclude>
    <ClInclude Include="main\INFSystem.h">
      <Filter>Header Files</Filter>
    </ClInclude>
    <ClInclude Include="main\INFTarget.h">
      <Filter>Header Files</Filter>
    </ClInclude>
    <ClInclude Include="main\INFToolTip.h">
      <Filter>Header Files</Filter>
    </ClInclude>
    <ClInclude Include="main\INFTrade.h">
      <Filter>Header Files</Filter>
    </ClInclude>
    <ClInclude Include="main\INFUnitCreateInfo.h">
      <Filter>Header Files</Filter>
    </ClInclude>
    <ClInclude Include="main\INFUnitNameInfo.h">
      <Filter>Header Files</Filter>
    </ClInclude>
    <ClInclude Include="main\INFUnitState.h">
      <Filter>Header Files</Filter>
    </ClInclude>
    <ClInclude Include="main\INFWarDeclare.h">
      <Filter>Header Files</Filter>
    </ClInclude>
    <ClInclude Include="main\INFWeaponInfo.h">
      <Filter>Header Files</Filter>
    </ClInclude>
    <ClInclude Include="main\INFWindow.h">
      <Filter>Header Files</Filter>
    </ClInclude>
    <ClInclude Include="main\INFWorldRankWnd.h">
      <Filter>Header Files</Filter>
    </ClInclude>
    <ClInclude Include="main\Interface.h">
      <Filter>Header Files</Filter>
    </ClInclude>
    <ClInclude Include="main\SetupConfig.h">
      <Filter>Header Files</Filter>
    </ClInclude>
    <ClInclude Include="..\SocketLib\main\WinSocket.h">
      <Filter>Header Files</Filter>
    </ClInclude>
    <ClInclude Include="main\INFStrategicPointManager.h">
      <Filter>Header Files</Filter>
    </ClInclude>
    <ClInclude Include="main\INFStrategicPointInfo.h">
      <Filter>Header Files</Filter>
    </ClInclude>
    <ClInclude Include="main\INFWorldMap.h">
      <Filter>Header Files</Filter>
    </ClInclude>
  </ItemGroup>
</Project>