<?xml version="1.0" encoding="utf-8"?>
<Project ToolsVersion="4.0" xmlns="http://schemas.microsoft.com/developer/msbuild/2003">
  <ItemGroup>
    <Filter Include="Source Files">
      <UniqueIdentifier>{bb9b394b-e471-4335-bc02-7766fb540a9b}</UniqueIdentifier>
      <Extensions>cpp;c;cxx;rc;def;r;odl;idl;hpj;bat</Extensions>
    </Filter>
    <Filter Include="Header Files">
      <UniqueIdentifier>{7125c4ad-1b12-4fb8-a182-26fdfc15328c}</UniqueIdentifier>
      <Extensions>h;hpp;hxx;hm;inl</Extensions>
    </Filter>
  </ItemGroup>
  <ItemGroup>
    <ClCompile Include="main\AbuseFilter.cpp">
      <Filter>Source Files</Filter>
    </ClCompile>
    <ClCompile Include="main\AtumThread.cpp">
      <Filter>Source Files</Filter>
    </ClCompile>
    <ClCompile Include="main\Cinema.cpp">
      <Filter>Source Files</Filter>
    </ClCompile>
    <ClCompile Include="main\ClientParty.cpp">
      <Filter>Source Files</Filter>
    </ClCompile>
    <ClCompile Include="main\CodeTrans.cpp">
      <Filter>Source Files</Filter>
    </ClCompile>
    <ClCompile Include="main\FileHeader.cpp">
      <Filter>Source Files</Filter>
    </ClCompile>
    <ClCompile Include="main\Frustum.cpp">
      <Filter>Source Files</Filter>
    </ClCompile>
    <ClCompile Include="main\GameDataLast.cpp">
      <Filter>Source Files</Filter>
    </ClCompile>
    <ClCompile Include="main\Iexplore.cpp">
      <Filter>Source Files</Filter>
    </ClCompile>
    <ClCompile Include="main\ImageManager.cpp">
      <Filter>Source Files</Filter>
    </ClCompile>
    <ClCompile Include="main\InputManager.cpp">
      <Filter>Source Files</Filter>
    </ClCompile>
    <ClCompile Include="main\ItemInfo.cpp">
      <Filter>Source Files</Filter>
    </ClCompile>
    <ClCompile Include="main\PkNormalTimer.cpp">
      <Filter>Source Files</Filter>
    </ClCompile>
    <ClCompile Include="main\Skill.cpp">
      <Filter>Source Files</Filter>
    </ClCompile>
    <ClCompile Include="main\SkillInfo.cpp">
      <Filter>Source Files</Filter>
    </ClCompile>
    <ClCompile Include="main\TickTimeProcess.cpp">
      <Filter>Source Files</Filter>
    </ClCompile>
    <ClCompile Include="main\TutorialSystem.cpp">
      <Filter>Source Files</Filter>
    </ClCompile>
    <ClCompile Include="main\WeaponItemInfo.cpp">
      <Filter>Source Files</Filter>
    </ClCompile>
    <ClCompile Include="..\..\common\AtumData.cpp">
      <Filter>Source Files</Filter>
    </ClCompile>
    <ClCompile Include="..\..\common\AtumDateTime.cpp">
      <Filter>Source Files</Filter>
    </ClCompile>
    <ClCompile Include="..\..\common\AtumGlobal.cpp">
      <Filter>Source Files</Filter>
    </ClCompile>
    <ClCompile Include="..\..\common\AtumNode.cpp">
      <Filter>Source Files</Filter>
    </ClCompile>
    <ClCompile Include="..\..\common\AtumParamProtocol.cpp">
      <Filter>Source Files</Filter>
    </ClCompile>
    <ClCompile Include="..\..\common\AtumParamProtocolFunctions.cpp">
      <Filter>Source Files</Filter>
    </ClCompile>
    <ClCompile Include="..\..\common\AtumSJ.cpp">
      <Filter>Source Files</Filter>
    </ClCompile>
    <ClCompile Include="..\..\common\FunctionLog.cpp">
      <Filter>Source Files</Filter>
    </ClCompile>
    <ClCompile Include="..\..\common\FunctionLogGFunctions.cpp">
      <Filter>Source Files</Filter>
    </ClCompile>
    <ClCompile Include="..\..\common\MGameDecryption.cpp">
      <Filter>Source Files</Filter>
    </ClCompile>
    <ClCompile Include="..\..\common\Quest.cpp">
      <Filter>Source Files</Filter>
    </ClCompile>
    <ClCompile Include="..\..\Common\sha256.cpp">
      <Filter>Source Files</Filter>
    </ClCompile>
    <ClCompile Include="..\..\common\UserVariable.cpp">
      <Filter>Source Files</Filter>
    </ClCompile>
    <ClCompile Include="main\ScreenShotConverter.cpp">
      <Filter>Source Files</Filter>
    </ClCompile>
    <ClCompile Include="main\MachineID.cpp">
      <Filter>Source Files</Filter>
    </ClCompile>
  </ItemGroup>
  <ItemGroup>
    <ClInclude Include="main\AbuseFilter.h">
      <Filter>Header Files</Filter>
    </ClInclude>
    <ClInclude Include="main\AtumThread.h">
      <Filter>Header Files</Filter>
    </ClInclude>
    <ClInclude Include="main\Cinema.h">
      <Filter>Header Files</Filter>
    </ClInclude>
    <ClInclude Include="main\ClientParty.h">
      <Filter>Header Files</Filter>
    </ClInclude>
    <ClInclude Include="main\CodeTrans.h">
      <Filter>Header Files</Filter>
    </ClInclude>
    <ClInclude Include="main\FileHeader.h">
      <Filter>Header Files</Filter>
    </ClInclude>
    <ClInclude Include="main\Frustum.h">
      <Filter>Header Files</Filter>
    </ClInclude>
    <ClInclude Include="main\GameDataLast.h">
      <Filter>Header Files</Filter>
    </ClInclude>
    <ClInclude Include="main\IExplore.h">
      <Filter>Header Files</Filter>
    </ClInclude>
    <ClInclude Include="main\ImageManager.h">
      <Filter>Header Files</Filter>
    </ClInclude>
    <ClInclude Include="main\InputManager.h">
      <Filter>Header Files</Filter>
    </ClInclude>
    <ClInclude Include="main\ItemInfo.h">
      <Filter>Header Files</Filter>
    </ClInclude>
    <ClInclude Include="main\PkNormalTimer.h">
      <Filter>Header Files</Filter>
    </ClInclude>
    <ClInclude Include="main\RangeTime.h">
      <Filter>Header Files</Filter>
    </ClInclude>
    <ClInclude Include="main\Skill.h">
      <Filter>Header Files</Filter>
    </ClInclude>
    <ClInclude Include="main\SkillInfo.h">
      <Filter>Header Files</Filter>
    </ClInclude>
    <ClInclude Include="main\TickTimeProcess.h">
      <Filter>Header Files</Filter>
    </ClInclude>
    <ClInclude Include="main\TutorialSystem.h">
      <Filter>Header Files</Filter>
    </ClInclude>
    <ClInclude Include="main\WeaponItemInfo.h">
      <Filter>Header Files</Filter>
    </ClInclude>
    <ClInclude Include="..\..\common\AtumDataLoader.h">
      <Filter>Header Files</Filter>
    </ClInclude>
    <ClInclude Include="..\..\common\AtumDateTime.h">
      <Filter>Header Files</Filter>
    </ClInclude>
    <ClInclude Include="..\..\common\AtumSJ.h">
      <Filter>Header Files</Filter>
    </ClInclude>
    <ClInclude Include="..\..\common\MGameDecryption.h">
      <Filter>Header Files</Filter>
    </ClInclude>
    <ClInclude Include="..\..\common\Quest.h">
      <Filter>Header Files</Filter>
    </ClInclude>
    <ClInclude Include="..\..\common\QuestLoaderParser.h">
      <Filter>Header Files</Filter>
    </ClInclude>
    <ClInclude Include="..\..\Common\sha256.h">
      <Filter>Header Files</Filter>
    </ClInclude>
    <ClInclude Include="..\common\UserVariable.h">
      <Filter>Header Files</Filter>
    </ClInclude>
    <ClInclude Include="main\ScreenShotConverter.h">
      <Filter>Header Files</Filter>
    </ClInclude>
    <ClInclude Include="main\MachineID.h">
      <Filter>Header Files</Filter>
    </ClInclude>
  </ItemGroup>
</Project>