<?xml version="1.0" encoding="utf-8"?>
<Project ToolsVersion="4.0" xmlns="http://schemas.microsoft.com/developer/msbuild/2003">
  <ItemGroup>
    <Filter Include="Source Files">
      <UniqueIdentifier>{3c3c25b2-5fb2-434b-92ed-69097deb3da9}</UniqueIdentifier>
      <Extensions>cpp;c;cxx;rc;def;r;odl;idl;hpj;bat</Extensions>
    </Filter>
    <Filter Include="Header Files">
      <UniqueIdentifier>{1995f5f1-6613-41a8-b96b-967faecd1524}</UniqueIdentifier>
      <Extensions>h;hpp;hxx;hm;inl</Extensions>
    </Filter>
  </ItemGroup>
  <ItemGroup>
    <ClCompile Include="main\ArmorCollectManager.cpp">
      <Filter>Source Files</Filter>
    </ClCompile>
    <ClCompile Include="main\BoardData.cpp">
      <Filter>Source Files</Filter>
    </ClCompile>
    <ClCompile Include="main\CharacterChild.cpp">
      <Filter>Source Files</Filter>
    </ClCompile>
    <ClCompile Include="main\CharacterRender.cpp">
      <Filter>Source Files</Filter>
    </ClCompile>
    <ClCompile Include="main\EnemyData.cpp">
      <Filter>Source Files</Filter>
    </ClCompile>
    <ClCompile Include="main\ETCRender.cpp">
      <Filter>Source Files</Filter>
    </ClCompile>
    <ClCompile Include="main\ItemData.cpp">
      <Filter>Source Files</Filter>
    </ClCompile>
    <ClCompile Include="main\MeshRender.cpp">
      <Filter>Source Files</Filter>
    </ClCompile>
    <ClCompile Include="main\MonRender.cpp">
      <Filter>Source Files</Filter>
    </ClCompile>
    <ClCompile Include="main\MonsterData.cpp">
      <Filter>Source Files</Filter>
    </ClCompile>
    <ClCompile Include="main\ObjectChild.cpp">
      <Filter>Source Files</Filter>
    </ClCompile>
    <ClCompile Include="main\ObjRender.cpp">
      <Filter>Source Files</Filter>
    </ClCompile>
    <ClCompile Include="main\PetManager.cpp">
      <Filter>Source Files</Filter>
    </ClCompile>
    <ClCompile Include="main\QuestData.cpp">
      <Filter>Source Files</Filter>
    </ClCompile>
    <ClCompile Include="main\RainData.cpp">
      <Filter>Source Files</Filter>
    </ClCompile>
    <ClCompile Include="main\RainRender.cpp">
      <Filter>Source Files</Filter>
    </ClCompile>
    <ClCompile Include="main\ShuttleChild.cpp">
      <Filter>Source Files</Filter>
    </ClCompile>
    <ClCompile Include="main\StoreData.cpp">
      <Filter>Source Files</Filter>
    </ClCompile>
    <ClCompile Include="main\SunData.cpp">
      <Filter>Source Files</Filter>
    </ClCompile>
    <ClCompile Include="main\SunRender.cpp">
      <Filter>Source Files</Filter>
    </ClCompile>
    <ClCompile Include="main\UnitData.cpp">
      <Filter>Source Files</Filter>
    </ClCompile>
    <ClCompile Include="main\UnitRender.cpp">
      <Filter>Source Files</Filter>
    </ClCompile>
    <ClCompile Include="main\Weapon.cpp">
      <Filter>Source Files</Filter>
    </ClCompile>
    <ClCompile Include="main\WeaponAllAttackData.cpp">
      <Filter>Source Files</Filter>
    </ClCompile>
    <ClCompile Include="main\WeaponFastData.cpp">
      <Filter>Source Files</Filter>
    </ClCompile>
    <ClCompile Include="main\WeaponFireData.cpp">
      <Filter>Source Files</Filter>
    </ClCompile>
    <ClCompile Include="main\WeaponMineData.cpp">
      <Filter>Source Files</Filter>
    </ClCompile>
    <ClCompile Include="main\WeaponMissileData.cpp">
      <Filter>Source Files</Filter>
    </ClCompile>
    <ClCompile Include="main\WeaponRocketData.cpp">
      <Filter>Source Files</Filter>
    </ClCompile>
    <ClCompile Include="main\WeaponShieldData.cpp">
      <Filter>Source Files</Filter>
    </ClCompile>
    <ClCompile Include="main\WSlowData.cpp">
      <Filter>Source Files</Filter>
    </ClCompile>
  </ItemGroup>
  <ItemGroup>
    <ClInclude Include="main\ArmorCollectManager.h">
      <Filter>Header Files</Filter>
    </ClInclude>
    <ClInclude Include="main\BoardData.h">
      <Filter>Header Files</Filter>
    </ClInclude>
    <ClInclude Include="main\CharacterChild.h">
      <Filter>Header Files</Filter>
    </ClInclude>
    <ClInclude Include="main\CharacterRender.h">
      <Filter>Header Files</Filter>
    </ClInclude>
    <ClInclude Include="main\EnemyData.h">
      <Filter>Header Files</Filter>
    </ClInclude>
    <ClInclude Include="main\ETCRender.h">
      <Filter>Header Files</Filter>
    </ClInclude>
    <ClInclude Include="main\ItemData.h">
      <Filter>Header Files</Filter>
    </ClInclude>
    <ClInclude Include="main\MeshRender.h">
      <Filter>Header Files</Filter>
    </ClInclude>
    <ClInclude Include="main\MonRender.h">
      <Filter>Header Files</Filter>
    </ClInclude>
    <ClInclude Include="main\MonsterData.h">
      <Filter>Header Files</Filter>
    </ClInclude>
    <ClInclude Include="main\ObjectChild.h">
      <Filter>Header Files</Filter>
    </ClInclude>
    <ClInclude Include="main\ObjRender.h">
      <Filter>Header Files</Filter>
    </ClInclude>
    <ClInclude Include="main\PetManager.h">
      <Filter>Header Files</Filter>
    </ClInclude>
    <ClInclude Include="main\QuestData.h">
      <Filter>Header Files</Filter>
    </ClInclude>
    <ClInclude Include="main\RainData.h">
      <Filter>Header Files</Filter>
    </ClInclude>
    <ClInclude Include="main\RainRender.h">
      <Filter>Header Files</Filter>
    </ClInclude>
    <ClInclude Include="main\ShuttleChild.h">
      <Filter>Header Files</Filter>
    </ClInclude>
    <ClInclude Include="main\StoreData.h">
      <Filter>Header Files</Filter>
    </ClInclude>
    <ClInclude Include="main\SunData.h">
      <Filter>Header Files</Filter>
    </ClInclude>
    <ClInclude Include="main\SunRender.h">
      <Filter>Header Files</Filter>
    </ClInclude>
    <ClInclude Include="main\UnitData.h">
      <Filter>Header Files</Filter>
    </ClInclude>
    <ClInclude Include="main\UnitRender.h">
      <Filter>Header Files</Filter>
    </ClInclude>
    <ClInclude Include="main\Weapon.h">
      <Filter>Header Files</Filter>
    </ClInclude>
    <ClInclude Include="main\WeaponAllAttackData.h">
      <Filter>Header Files</Filter>
    </ClInclude>
    <ClInclude Include="main\WeaponFastData.h">
      <Filter>Header Files</Filter>
    </ClInclude>
    <ClInclude Include="main\WeaponFireData.h">
      <Filter>Header Files</Filter>
    </ClInclude>
    <ClInclude Include="main\WeaponMineData.h">
      <Filter>Header Files</Filter>
    </ClInclude>
    <ClInclude Include="main\WeaponMissileData.h">
      <Filter>Header Files</Filter>
    </ClInclude>
    <ClInclude Include="main\WeaponRocketData.h">
      <Filter>Header Files</Filter>
    </ClInclude>
    <ClInclude Include="main\WeaponShieldData.h">
      <Filter>Header Files</Filter>
    </ClInclude>
    <ClInclude Include="main\WSlowData.h">
      <Filter>Header Files</Filter>
    </ClInclude>
    <ClInclude Include="main\StdAfx.h">
      <Filter>Header Files</Filter>
    </ClInclude>
  </ItemGroup>
</Project>