<?xml version="1.0" encoding="utf-8"?>
<Project ToolsVersion="4.0" xmlns="http://schemas.microsoft.com/developer/msbuild/2003">
  <ItemGroup>
    <Filter Include="Source Files">
      <UniqueIdentifier>{606c9848-0f90-4e94-887d-bf91b15b2f51}</UniqueIdentifier>
      <Extensions>cpp;c;cxx;rc;def;r;odl;idl;hpj;bat</Extensions>
    </Filter>
    <Filter Include="Header Files">
      <UniqueIdentifier>{79eef6e2-4255-44bc-9ea8-d4b403ec6e12}</UniqueIdentifier>
      <Extensions>h;hpp;hxx;hm;inl</Extensions>
    </Filter>
  </ItemGroup>
  <ItemGroup>
    <ClCompile Include="main\FieldWinSocket.cpp">
      <Filter>Source Files</Filter>
    </ClCompile>
    <ClCompile Include="main\IMSocket.cpp">
      <Filter>Source Files</Filter>
    </ClCompile>
    <ClCompile Include="main\SocketHeader.cpp">
      <Filter>Source Files</Filter>
    </ClCompile>
    <ClCompile Include="main\WinPacket.cpp">
      <Filter>Source Files</Filter>
    </ClCompile>
    <ClCompile Include="main\WinSocket.cpp">
      <Filter>Source Files</Filter>
    </ClCompile>
  </ItemGroup>
  <ItemGroup>
    <ClInclude Include="main\FieldWinSocket.h">
      <Filter>Header Files</Filter>
    </ClInclude>
    <ClInclude Include="main\IMSocket.h">
      <Filter>Header Files</Filter>
    </ClInclude>
    <ClInclude Include="main\SocketHeader.h">
      <Filter>Header Files</Filter>
    </ClInclude>
    <ClInclude Include="main\WinPacket.h">
      <Filter>Header Files</Filter>
    </ClInclude>
    <ClInclude Include="main\WinSocket.h">
      <Filter>Header Files</Filter>
    </ClInclude>
  </ItemGroup>
</Project>