<?xml version="1.0" encoding="utf-8"?>
<Project ToolsVersion="4.0" xmlns="http://schemas.microsoft.com/developer/msbuild/2003">
  <ItemGroup>
    <Filter Include="Source Files">
      <UniqueIdentifier>{21ee08f5-12e5-4b2b-94f5-cec787b01f81}</UniqueIdentifier>
      <Extensions>cpp;c;cxx;rc;def;r;odl;idl;hpj;bat</Extensions>
    </Filter>
    <Filter Include="Header Files">
      <UniqueIdentifier>{6d72eb39-38da-4a34-a7ee-7c66f828d0a0}</UniqueIdentifier>
      <Extensions>h;hpp;hxx;hm;inl</Extensions>
    </Filter>
  </ItemGroup>
  <ItemGroup>
    <ClCompile Include="main\AppEffectData.cpp">
      <Filter>Source Files</Filter>
    </ClCompile>
    <ClCompile Include="main\CharacterInfo.cpp">
      <Filter>Source Files</Filter>
    </ClCompile>
    <ClCompile Include="main\EffectRender.cpp">
      <Filter>Source Files</Filter>
    </ClCompile>
    <ClCompile Include="main\FxSystem.cpp">
      <Filter>Source Files</Filter>
    </ClCompile>
    <ClCompile Include="main\ObjectAniData.cpp">
      <Filter>Source Files</Filter>
    </ClCompile>
    <ClCompile Include="main\ParticleSystem.cpp">
      <Filter>Source Files</Filter>
    </ClCompile>
    <ClCompile Include="main\SkillEffect.cpp">
      <Filter>Source Files</Filter>
    </ClCompile>
    <ClCompile Include="main\SpriteAniData.cpp">
      <Filter>Source Files</Filter>
    </ClCompile>
    <ClCompile Include="main\TraceAni.cpp">
      <Filter>Source Files</Filter>
    </ClCompile>
  </ItemGroup>
  <ItemGroup>
    <ClInclude Include="main\AppEffectData.h">
      <Filter>Header Files</Filter>
    </ClInclude>
    <ClInclude Include="main\CharacterInfo.h">
      <Filter>Header Files</Filter>
    </ClInclude>
    <ClInclude Include="main\Effect.h">
      <Filter>Header Files</Filter>
    </ClInclude>
    <ClInclude Include="main\EffectRender.h">
      <Filter>Header Files</Filter>
    </ClInclude>
    <ClInclude Include="main\FxSystem.h">
      <Filter>Header Files</Filter>
    </ClInclude>
    <ClInclude Include="main\ObjectAniData.h">
      <Filter>Header Files</Filter>
    </ClInclude>
    <ClInclude Include="main\ParticleSystem.h">
      <Filter>Header Files</Filter>
    </ClInclude>
    <ClInclude Include="main\SkillEffect.h">
      <Filter>Header Files</Filter>
    </ClInclude>
    <ClInclude Include="main\SpriteAniData.h">
      <Filter>Header Files</Filter>
    </ClInclude>
    <ClInclude Include="main\TraceAni.h">
      <Filter>Header Files</Filter>
    </ClInclude>
  </ItemGroup>
</Project>