
Microsoft Visual Studio Solution File, Format Version 12.00
# Visual Studio Version 17
VisualStudioVersion = 17.2.32630.192
MinimumVisualStudioVersion = 10.0.40219.1
Project("{8BC9CEB8-8B4A-11D0-8D11-00A0C91BC942}") = "DataRenderLib", "DataRenderLib\DataRenderLib.vcxproj", "{378A0C5F-ADD7-4F83-A45F-5867312739F9}"
EndProject
Project("{8BC9CEB8-8B4A-11D0-8D11-00A0C91BC942}") = "DirectXLib", "DirectXLib\DirectXLib.vcxproj", "{EEA1D979-7898-412E-98FD-F60EBD2FF22B}"
EndProject
Project("{8BC9CEB8-8B4A-11D0-8D11-00A0C91BC942}") = "EffectLib", "EffectLib\EffectLib.vcxproj", "{C8B4C535-289A-4C17-866B-767EC0219994}"
EndProject
Project("{8BC9CEB8-8B4A-11D0-8D11-00A0C91BC942}") = "EtcLib", "EtcLib\EtcLib.vcxproj", "{FCCD656B-6492-4103-94D9-12BEA6E146F2}"
EndProject
Project("{8BC9CEB8-8B4A-11D0-8D11-00A0C91BC942}") = "InterfaceLib", "InterfaceLib\InterfaceLib.vcxproj", "{125F6A20-F418-4DA4-BEA8-EDE63D41DEF4}"
EndProject
Project("{8BC9CEB8-8B4A-11D0-8D11-00A0C91BC942}") = "ProjectAtum", "ProjectAtum\ProjectAtum.vcxproj", "{10477456-A200-4274-8FE2-36DE1CC3A69F}"
	ProjectSection(ProjectDependencies) = postProject
		{125F6A20-F418-4DA4-BEA8-EDE63D41DEF4} = {125F6A20-F418-4DA4-BEA8-EDE63D41DEF4}
		{C8B4C535-289A-4C17-866B-767EC0219994} = {C8B4C535-289A-4C17-866B-767EC0219994}
		{A1154D37-FD80-404D-8B59-AF5D04F576B4} = {A1154D37-FD80-404D-8B59-AF5D04F576B4}
		{378A0C5F-ADD7-4F83-A45F-5867312739F9} = {378A0C5F-ADD7-4F83-A45F-5867312739F9}
		{B8E44C67-31E2-44F2-B03B-902454B576AD} = {B8E44C67-31E2-44F2-B03B-902454B576AD}
		{FCCD656B-6492-4103-94D9-12BEA6E146F2} = {FCCD656B-6492-4103-94D9-12BEA6E146F2}
		{EEA1D979-7898-412E-98FD-F60EBD2FF22B} = {EEA1D979-7898-412E-98FD-F60EBD2FF22B}
	EndProjectSection
EndProject
Project("{8BC9CEB8-8B4A-11D0-8D11-00A0C91BC942}") = "SkinnedMeshLib", "SkinnedMeshLib\SkinnedMeshLib.vcxproj", "{A1154D37-FD80-404D-8B59-AF5D04F576B4}"
EndProject
Project("{8BC9CEB8-8B4A-11D0-8D11-00A0C91BC942}") = "SocketLib", "SocketLib\SocketLib.vcxproj", "{B8E44C67-31E2-44F2-B03B-902454B576AD}"
EndProject
Global
	GlobalSection(SolutionConfigurationPlatforms) = preSolution
		R_DreamACE|Win32 = R_DreamACE|Win32
	EndGlobalSection
	GlobalSection(ProjectConfigurationPlatforms) = postSolution
		{378A0C5F-ADD7-4F83-A45F-5867312739F9}.R_DreamACE|Win32.ActiveCfg = R_DreamACE|Win32
		{378A0C5F-ADD7-4F83-A45F-5867312739F9}.R_DreamACE|Win32.Build.0 = R_DreamACE|Win32
		{EEA1D979-7898-412E-98FD-F60EBD2FF22B}.R_DreamACE|Win32.ActiveCfg = R_DreamACE|Win32
		{EEA1D979-7898-412E-98FD-F60EBD2FF22B}.R_DreamACE|Win32.Build.0 = R_DreamACE|Win32
		{C8B4C535-289A-4C17-866B-767EC0219994}.R_DreamACE|Win32.ActiveCfg = R_DreamACE|Win32
		{C8B4C535-289A-4C17-866B-767EC0219994}.R_DreamACE|Win32.Build.0 = R_DreamACE|Win32
		{FCCD656B-6492-4103-94D9-12BEA6E146F2}.R_DreamACE|Win32.ActiveCfg = R_DreamACE|Win32
		{FCCD656B-6492-4103-94D9-12BEA6E146F2}.R_DreamACE|Win32.Build.0 = R_DreamACE|Win32
		{125F6A20-F418-4DA4-BEA8-EDE63D41DEF4}.R_DreamACE|Win32.ActiveCfg = R_DreamACE|Win32
		{125F6A20-F418-4DA4-BEA8-EDE63D41DEF4}.R_DreamACE|Win32.Build.0 = R_DreamACE|Win32
		{10477456-A200-4274-8FE2-36DE1CC3A69F}.R_DreamACE|Win32.ActiveCfg = R_DreamACE|Win32
		{10477456-A200-4274-8FE2-36DE1CC3A69F}.R_DreamACE|Win32.Build.0 = R_DreamACE|Win32
		{A1154D37-FD80-404D-8B59-AF5D04F576B4}.R_DreamACE|Win32.ActiveCfg = R_DreamACE|Win32
		{A1154D37-FD80-404D-8B59-AF5D04F576B4}.R_DreamACE|Win32.Build.0 = R_DreamACE|Win32
		{B8E44C67-31E2-44F2-B03B-902454B576AD}.R_DreamACE|Win32.ActiveCfg = R_DreamACE|Win32
		{B8E44C67-31E2-44F2-B03B-902454B576AD}.R_DreamACE|Win32.Build.0 = R_DreamACE|Win32
	EndGlobalSection
	GlobalSection(SolutionProperties) = preSolution
		HideSolutionNode = FALSE
	EndGlobalSection
	GlobalSection(ExtensibilityGlobals) = postSolution
		SolutionGuid = {1C553D96-B0C0-4BF4-B9D3-219EFD33AD03}
	EndGlobalSection
EndGlobal
