<?xml version="1.0" encoding="utf-8"?>
<Project ToolsVersion="4.0" xmlns="http://schemas.microsoft.com/developer/msbuild/2003">
  <ItemGroup>
    <Filter Include="Source Files">
      <UniqueIdentifier>{9aaacd69-210d-48fd-99a7-27fec7dc45b0}</UniqueIdentifier>
      <Extensions>cpp;c;cxx;rc;def;r;odl;idl;hpj;bat</Extensions>
    </Filter>
    <Filter Include="Header Files">
      <UniqueIdentifier>{1570a432-30cb-4f69-8ab6-099a376f9b13}</UniqueIdentifier>
      <Extensions>h;hpp;hxx;hm;inl</Extensions>
    </Filter>
    <Filter Include="Header Files\Resource Files">
      <UniqueIdentifier>{d13ef90c-f99e-4482-a1d9-a2e086ea6a67}</UniqueIdentifier>
      <Extensions>ico;cur;bmp;dlg;rc2;rct;bin;rgs;gif;jpg;jpeg;jpe</Extensions>
    </Filter>
    <Filter Include="DarkCrash">
      <UniqueIdentifier>{ee1645c3-16e8-4cd8-a6a7-014df2bd5bee}</UniqueIdentifier>
    </Filter>
  </ItemGroup>
  <ItemGroup>
    <ClCompile Include="main\ArenaManager.cpp">
      <Filter>Source Files</Filter>
    </ClCompile>
    <ClCompile Include="main\AtumApplication.cpp">
      <Filter>Source Files</Filter>
    </ClCompile>
    <ClCompile Include="main\AtumDatabase.cpp">
      <Filter>Source Files</Filter>
    </ClCompile>
    <ClCompile Include="main\Background.cpp">
      <Filter>Source Files</Filter>
    </ClCompile>
    <ClCompile Include="main\CImm.cpp">
      <Filter>Source Files</Filter>
    </ClCompile>
    <ClCompile Include="main\CInput.cpp">
      <Filter>Source Files</Filter>
    </ClCompile>
    <ClCompile Include="main\CustomOptimizer.cpp">
      <Filter>Source Files</Filter>
    </ClCompile>
    <ClCompile Include="main\DShowTextures.cpp">
      <Filter>Source Files</Filter>
    </ClCompile>
    <ClCompile Include="main\FieldWinSocketManager.cpp">
      <Filter>Source Files</Filter>
    </ClCompile>
    <ClCompile Include="main\GlobalImage.cpp">
      <Filter>Source Files</Filter>
    </ClCompile>
    <ClCompile Include="main\IMSocketManager.cpp">
      <Filter>Source Files</Filter>
    </ClCompile>
    <ClCompile Include="..\InterfaceLib\main\INFArmorCollectWnd.cpp">
      <Filter>Source Files</Filter>
    </ClCompile>
    <ClCompile Include="..\InterfaceLib\main\INFCityInfinityField.cpp">
      <Filter>Source Files</Filter>
    </ClCompile>
    <ClCompile Include="..\InterfaceLib\main\INFGameMain.cpp">
      <Filter>Source Files</Filter>
    </ClCompile>
    <ClCompile Include="..\InterfaceLib\main\INFInfinity.cpp">
      <Filter>Source Files</Filter>
    </ClCompile>
    <ClCompile Include="main\InfinityManager.cpp">
      <Filter>Source Files</Filter>
    </ClCompile>
    <ClCompile Include="..\InterfaceLib\main\INFItemInfo.cpp">
      <Filter>Source Files</Filter>
    </ClCompile>
    <ClCompile Include="main\InitThread.cpp">
      <Filter>Source Files</Filter>
    </ClCompile>
    <ClCompile Include="main\MapInitThread.cpp">
      <Filter>Source Files</Filter>
    </ClCompile>
    <ClCompile Include="main\MapLoad.cpp">
      <Filter>Source Files</Filter>
    </ClCompile>
    <ClCompile Include="main\MeshInitThread.cpp">
      <Filter>Source Files</Filter>
    </ClCompile>
    <ClCompile Include="main\ProjectAtum.cpp">
      <Filter>Source Files</Filter>
    </ClCompile>
    <ClCompile Include="main\QuadGround.cpp">
      <Filter>Source Files</Filter>
    </ClCompile>
    <ClCompile Include="main\QuadTree.cpp">
      <Filter>Source Files</Filter>
    </ClCompile>
    <ClCompile Include="main\SceneData.cpp">
      <Filter>Source Files</Filter>
    </ClCompile>
    <ClCompile Include="main\SinglePlayGame.cpp">
      <Filter>Source Files</Filter>
    </ClCompile>
    <ClCompile Include="main\VTCThread.cpp">
      <Filter>Source Files</Filter>
    </ClCompile>
    <ClCompile Include="main\Water.cpp">
      <Filter>Source Files</Filter>
    </ClCompile>
    <ClCompile Include="main\WorldRankManager.cpp">
      <Filter>Source Files</Filter>
    </ClCompile>
    <ClCompile Include="main\DarkCrash.cpp">
      <Filter>DarkCrash</Filter>
    </ClCompile>
    <ClCompile Include="main\ErrorController.cpp">
      <Filter>DarkCrash</Filter>
    </ClCompile>
    <ClCompile Include="main\NTDbgHelperWindow.cpp">
      <Filter>DarkCrash</Filter>
    </ClCompile>
    <ClCompile Include="main\NTExceptionCause.cpp">
      <Filter>DarkCrash</Filter>
    </ClCompile>
    <ClCompile Include="main\NTFtp.cpp">
      <Filter>DarkCrash</Filter>
    </ClCompile>
    <ClCompile Include="main\NTGetWinVer.cpp">
      <Filter>DarkCrash</Filter>
    </ClCompile>
    <ClCompile Include="main\NTMiniDump.cpp">
      <Filter>DarkCrash</Filter>
    </ClCompile>
    <ClCompile Include="main\NTSystemInfo.cpp">
      <Filter>DarkCrash</Filter>
    </ClCompile>
    <ClCompile Include="..\..\common\AtumNode.cpp">
      <Filter>Source Files</Filter>
    </ClCompile>
    <ClCompile Include="..\..\Common\md5.cpp">
      <Filter>Source Files</Filter>
    </ClCompile>
    <ClCompile Include="..\..\Common\MemPoolClient.cpp">
      <Filter>Source Files</Filter>
    </ClCompile>
    <ClCompile Include="..\..\Common\metafile.cpp">
      <Filter>Source Files</Filter>
    </ClCompile>
    <ClCompile Include="..\..\Common\shieldSecurity.cpp">
      <Filter>Source Files</Filter>
    </ClCompile>
    <ClCompile Include="..\..\Common\shieldSecurityDll.cpp">
      <Filter>Source Files</Filter>
    </ClCompile>
    <ClCompile Include="..\..\Common\utility.cpp">
      <Filter>Source Files</Filter>
    </ClCompile>
    <ClCompile Include="..\..\Common\VMemClient.cpp">
      <Filter>Source Files</Filter>
    </ClCompile>
    <ClCompile Include="..\..\Common\XOR_Lib.cpp">
      <Filter>Source Files</Filter>
    </ClCompile>
    <ClCompile Include="main\ScreenShotManager.cpp">
      <Filter>Source Files</Filter>
    </ClCompile>
  </ItemGroup>
  <ItemGroup>
    <ResourceCompile Include="resource\ProjectAtum.rc">
      <Filter>Source Files</Filter>
    </ResourceCompile>
  </ItemGroup>
  <ItemGroup>
    <Image Include="resource\atum.ico">
      <Filter>Header Files\Resource Files</Filter>
    </Image>
    <Image Include="resource\icon2.ico">
      <Filter>Header Files\Resource Files</Filter>
    </Image>
    <Image Include="resource\SpaceCowboy.ico">
      <Filter>Header Files\Resource Files</Filter>
    </Image>
  </ItemGroup>
  <ItemGroup>
    <ClInclude Include="main\ArenaManager.h">
      <Filter>Header Files</Filter>
    </ClInclude>
    <ClInclude Include="main\AtumApplication.h">
      <Filter>Header Files</Filter>
    </ClInclude>
    <ClInclude Include="main\AtumDatabase.h">
      <Filter>Header Files</Filter>
    </ClInclude>
    <ClInclude Include="main\Background.h">
      <Filter>Header Files</Filter>
    </ClInclude>
    <ClInclude Include="main\CImm.h">
      <Filter>Header Files</Filter>
    </ClInclude>
    <ClInclude Include="main\CInput.h">
      <Filter>Header Files</Filter>
    </ClInclude>
    <ClInclude Include="main\CustomOptimizer.h">
      <Filter>Header Files</Filter>
    </ClInclude>
    <ClInclude Include="main\DShowTextures.h">
      <Filter>Header Files</Filter>
    </ClInclude>
    <ClInclude Include="main\FieldWinSocketManager.h">
      <Filter>Header Files</Filter>
    </ClInclude>
    <ClInclude Include="main\GlobalImage.h">
      <Filter>Header Files</Filter>
    </ClInclude>
    <ClInclude Include="main\IMSocketManager.h">
      <Filter>Header Files</Filter>
    </ClInclude>
    <ClInclude Include="main\InfinityManager.h">
      <Filter>Header Files</Filter>
    </ClInclude>
    <ClInclude Include="main\InitThread.h">
      <Filter>Header Files</Filter>
    </ClInclude>
    <ClInclude Include="main\MapInitThread.h">
      <Filter>Header Files</Filter>
    </ClInclude>
    <ClInclude Include="main\MapLoad.h">
      <Filter>Header Files</Filter>
    </ClInclude>
    <ClInclude Include="main\MeshInitThread.h">
      <Filter>Header Files</Filter>
    </ClInclude>
    <ClInclude Include="main\QuadGround.h">
      <Filter>Header Files</Filter>
    </ClInclude>
    <ClInclude Include="main\QuadTree.h">
      <Filter>Header Files</Filter>
    </ClInclude>
    <ClInclude Include="main\resource.h">
      <Filter>Header Files</Filter>
    </ClInclude>
    <ClInclude Include="main\SceneData.h">
      <Filter>Header Files</Filter>
    </ClInclude>
    <ClInclude Include="main\SinglePlayGame.h">
      <Filter>Header Files</Filter>
    </ClInclude>
    <ClInclude Include="main\textures.h">
      <Filter>Header Files</Filter>
    </ClInclude>
    <ClInclude Include="main\TimeMgr.h">
      <Filter>Header Files</Filter>
    </ClInclude>
    <ClInclude Include="main\VTCThread.h">
      <Filter>Header Files</Filter>
    </ClInclude>
    <ClInclude Include="main\Water.h">
      <Filter>Header Files</Filter>
    </ClInclude>
    <ClInclude Include="main\WorldRankManager.h">
      <Filter>Header Files</Filter>
    </ClInclude>
    <ClInclude Include="main\DarkCrash.h">
      <Filter>DarkCrash</Filter>
    </ClInclude>
    <ClInclude Include="main\ErrorController.h">
      <Filter>DarkCrash</Filter>
    </ClInclude>
    <ClInclude Include="main\NTDbgHelperWindow.h">
      <Filter>DarkCrash</Filter>
    </ClInclude>
    <ClInclude Include="main\NTExceptionCause.h">
      <Filter>DarkCrash</Filter>
    </ClInclude>
    <ClInclude Include="main\NTFtp.h">
      <Filter>DarkCrash</Filter>
    </ClInclude>
    <ClInclude Include="main\NTGetWinVer.h">
      <Filter>DarkCrash</Filter>
    </ClInclude>
    <ClInclude Include="main\NTMiniDump.h">
      <Filter>DarkCrash</Filter>
    </ClInclude>
    <ClInclude Include="main\NTSystemInfo.h">
      <Filter>DarkCrash</Filter>
    </ClInclude>
    <ClInclude Include="..\..\Common\Contents.h">
      <Filter>Header Files</Filter>
    </ClInclude>
    <ClInclude Include="..\..\Common\frost.bmp.h">
      <Filter>Header Files</Filter>
    </ClInclude>
    <ClInclude Include="..\..\Common\HShield.h">
      <Filter>Header Files</Filter>
    </ClInclude>
    <ClInclude Include="..\..\Common\LocalizeSetting.h">
      <Filter>Header Files</Filter>
    </ClInclude>
    <ClInclude Include="..\..\Common\md5.h">
      <Filter>Header Files</Filter>
    </ClInclude>
    <ClInclude Include="..\..\Common\MemPoolClient.h">
      <Filter>Header Files</Filter>
    </ClInclude>
    <ClInclude Include="..\..\Common\metafile.h">
      <Filter>Header Files</Filter>
    </ClInclude>
    <ClInclude Include="..\..\Common\shieldSecurity.h">
      <Filter>Header Files</Filter>
    </ClInclude>
    <ClInclude Include="..\..\Common\shieldSecurityDll.h">
      <Filter>Header Files</Filter>
    </ClInclude>
    <ClInclude Include="..\..\Common\utility.h">
      <Filter>Header Files</Filter>
    </ClInclude>
    <ClInclude Include="..\..\Common\VMemClient.h">
      <Filter>Header Files</Filter>
    </ClInclude>
    <ClInclude Include="..\..\Common\XOR_Lib.h">
      <Filter>Header Files</Filter>
    </ClInclude>
    <ClInclude Include="..\..\Common\zwave_sdk_client.h">
      <Filter>Header Files</Filter>
    </ClInclude>
    <ClInclude Include="main\ScreenShotManager.h">
      <Filter>Header Files</Filter>
    </ClInclude>
  </ItemGroup>
  <ItemGroup>
    <Manifest Include="resource\AceOnline.atm.manifest" />
  </ItemGroup>
  <ItemGroup>
    <CustomBuild Include="resource\3dgarro.cur">
      <Filter>Header Files\Resource Files</Filter>
    </CustomBuild>
  </ItemGroup>
</Project>