<?xml version="1.0" encoding="utf-8"?>
<Project ToolsVersion="4.0" xmlns="http://schemas.microsoft.com/developer/msbuild/2003">
  <ItemGroup>
    <Filter Include="Source Files">
      <UniqueIdentifier>{c6154d3b-fe71-469d-812e-0951de92667c}</UniqueIdentifier>
      <Extensions>cpp;c;cxx;rc;def;r;odl;idl;hpj;bat</Extensions>
    </Filter>
    <Filter Include="Header Files">
      <UniqueIdentifier>{c4d4ace9-5025-4e4a-bbb9-0728091d3645}</UniqueIdentifier>
      <Extensions>h;hpp;hxx;hm;inl</Extensions>
    </Filter>
  </ItemGroup>
  <ItemGroup>
    <ClCompile Include="main\Camera.cpp">
      <Filter>Source Files</Filter>
    </ClCompile>
    <ClCompile Include="main\d3dapp.cpp">
      <Filter>Source Files</Filter>
    </ClCompile>
    <ClCompile Include="main\d3denumeration.cpp">
      <Filter>Source Files</Filter>
    </ClCompile>
    <ClCompile Include="main\D3DHanFont.cpp">
      <Filter>Source Files</Filter>
    </ClCompile>
    <ClCompile Include="main\d3dsettings.cpp">
      <Filter>Source Files</Filter>
    </ClCompile>
    <ClCompile Include="main\d3dutil.cpp">
      <Filter>Source Files</Filter>
    </ClCompile>
    <ClCompile Include="main\DSound3D.cpp">
      <Filter>Source Files</Filter>
    </ClCompile>
    <ClCompile Include="main\dsutil.cpp">
      <Filter>Source Files</Filter>
    </ClCompile>
    <ClCompile Include="main\dxutil.cpp">
      <Filter>Source Files</Filter>
    </ClCompile>
    <ClCompile Include="main\JoyStickFreedback.cpp">
      <Filter>Source Files</Filter>
    </ClCompile>
    <ClCompile Include="main\JoyStickInput.cpp">
      <Filter>Source Files</Filter>
    </ClCompile>
    <ClCompile Include="main\KeyBoardInput.cpp">
      <Filter>Source Files</Filter>
    </ClCompile>
    <ClCompile Include="main\MusicMP3.cpp">
      <Filter>Source Files</Filter>
    </ClCompile>
    <ClCompile Include="main\MusicMP3Ex.cpp">
      <Filter>Source Files</Filter>
    </ClCompile>
    <ClCompile Include="main\WaveFile.cpp">
      <Filter>Source Files</Filter>
    </ClCompile>
    <ClCompile Include="..\..\common\AtumSound.cpp">
      <Filter>Source Files</Filter>
    </ClCompile>
  </ItemGroup>
  <ItemGroup>
    <ClInclude Include="main\Camera.h">
      <Filter>Header Files</Filter>
    </ClInclude>
    <ClInclude Include="main\d3d9types.h">
      <Filter>Header Files</Filter>
    </ClInclude>
    <ClInclude Include="main\d3dapp.h">
      <Filter>Header Files</Filter>
    </ClInclude>
    <ClInclude Include="main\d3denumeration.h">
      <Filter>Header Files</Filter>
    </ClInclude>
    <ClInclude Include="main\D3DHanFont.h">
      <Filter>Header Files</Filter>
    </ClInclude>
    <ClInclude Include="main\d3dres.h">
      <Filter>Header Files</Filter>
    </ClInclude>
    <ClInclude Include="main\d3dsettings.h">
      <Filter>Header Files</Filter>
    </ClInclude>
    <ClInclude Include="main\d3dutil.h">
      <Filter>Header Files</Filter>
    </ClInclude>
    <ClInclude Include="main\DSound3D.h">
      <Filter>Header Files</Filter>
    </ClInclude>
    <ClInclude Include="main\dsutil.h">
      <Filter>Header Files</Filter>
    </ClInclude>
    <ClInclude Include="main\dxutil.h">
      <Filter>Header Files</Filter>
    </ClInclude>
    <ClInclude Include="main\JoyStickFreedback.h">
      <Filter>Header Files</Filter>
    </ClInclude>
    <ClInclude Include="main\JoyStickInput.h">
      <Filter>Header Files</Filter>
    </ClInclude>
    <ClInclude Include="main\KeyBoardInput.h">
      <Filter>Header Files</Filter>
    </ClInclude>
    <ClInclude Include="main\mp3uuids.h">
      <Filter>Header Files</Filter>
    </ClInclude>
    <ClInclude Include="main\MusicMP3.h">
      <Filter>Header Files</Filter>
    </ClInclude>
    <ClInclude Include="main\MusicMP3Ex.h">
      <Filter>Header Files</Filter>
    </ClInclude>
    <ClInclude Include="main\WaveFile.h">
      <Filter>Header Files</Filter>
    </ClInclude>
    <ClInclude Include="..\..\common\AtumSound.h">
      <Filter>Header Files</Filter>
    </ClInclude>
  </ItemGroup>
</Project>